// !$*UTF8*$!
{
	archiveVersion = 1;
	classes = {
	};
	objectVersion = 55;
	objects = {

/* Begin PBXBuildFile section */
		A43582BA28D4A3FE000B2C20 /* FinancyApp.swift in Sources */ = {isa = PBXBuildFile; fileRef = A43582B928D4A3FE000B2C20 /* FinancyApp.swift */; };
		A43582BC28D4A3FE000B2C20 /* ContentView.swift in Sources */ = {isa = PBXBuildFile; fileRef = A43582BB28D4A3FE000B2C20 /* ContentView.swift */; };
		A43582BE28D4A400000B2C20 /* Assets.xcassets in Resources */ = {isa = PBXBuildFile; fileRef = A43582BD28D4A400000B2C20 /* Assets.xcassets */; };
		A43582C128D4A400000B2C20 /* Preview Assets.xcassets in Resources */ = {isa = PBXBuildFile; fileRef = A43582C028D4A400000B2C20 /* Preview Assets.xcassets */; };
		A43582C928DB1648000B2C20 /* EarningsCardView.swift in Sources */ = {isa = PBXBuildFile; fileRef = A43582C828DB1648000B2C20 /* EarningsCardView.swift */; };
		A43582CC28DB1A47000B2C20 /* Earnings.swift in Sources */ = {isa = PBXBuildFile; fileRef = A43582CB28DB1A47000B2C20 /* Earnings.swift */; };
		A43582CE28DC5E86000B2C20 /* Savings.swift in Sources */ = {isa = PBXBuildFile; fileRef = A43582CD28DC5E86000B2C20 /* Savings.swift */; };
		A43582D028DC5FFF000B2C20 /* SavingsCardView.swift in Sources */ = {isa = PBXBuildFile; fileRef = A43582CF28DC5FFF000B2C20 /* SavingsCardView.swift */; };
		A49F7E2528E1C15B0089957E /* TransactionsCardView.swift in Sources */ = {isa = PBXBuildFile; fileRef = A49F7E2428E1C15B0089957E /* TransactionsCardView.swift */; };
		A4C4867E28DFA1640075574D /* Transactions.swift in Sources */ = {isa = PBXBuildFile; fileRef = A4C4867D28DFA1640075574D /* Transactions.swift */; };
/* End PBXBuildFile section */

/* Begin PBXFileReference section */
		A43582B628D4A3FE000B2C20 /* Financy.app */ = {isa = PBXFileReference; explicitFileType = wrapper.application; includeInIndex = 0; path = Financy.app; sourceTree = BUILT_PRODUCTS_DIR; };
		A43582B928D4A3FE000B2C20 /* FinancyApp.swift */ = {isa = PBXFileReference; lastKnownFileType = sourcecode.swift; path = FinancyApp.swift; sourceTree = "<group>"; };
		A43582BB28D4A3FE000B2C20 /* ContentView.swift */ = {isa = PBXFileReference; lastKnownFileType = sourcecode.swift; path = ContentView.swift; sourceTree = "<group>"; };
		A43582BD28D4A400000B2C20 /* Assets.xcassets */ = {isa = PBXFileReference; lastKnownFileType = folder.assetcatalog; path = Assets.xcassets; sourceTree = "<group>"; };
		A43582C028D4A400000B2C20 /* Preview Assets.xcassets */ = {isa = PBXFileReference; lastKnownFileType = folder.assetcatalog; path = "Preview Assets.xcassets"; sourceTree = "<group>"; };
		A43582C828DB1648000B2C20 /* EarningsCardView.swift */ = {isa = PBXFileReference; lastKnownFileType = sourcecode.swift; path = EarningsCardView.swift; sourceTree = "<group>"; };
		A43582CB28DB1A47000B2C20 /* Earnings.swift */ = {isa = PBXFileReference; lastKnownFileType = sourcecode.swift; path = Earnings.swift; sourceTree = "<group>"; };
		A43582CD28DC5E86000B2C20 /* Savings.swift */ = {isa = PBXFileReference; lastKnownFileType = sourcecode.swift; path = Savings.swift; sourceTree = "<group>"; };
		A43582CF28DC5FFF000B2C20 /* SavingsCardView.swift */ = {isa = PBXFileReference; lastKnownFileType = sourcecode.swift; path = SavingsCardView.swift; sourceTree = "<group>"; };
		A49F7E2428E1C15B0089957E /* TransactionsCardView.swift */ = {isa = PBXFileReference; lastKnownFileType = sourcecode.swift; path = TransactionsCardView.swift; sourceTree = "<group>"; };
		A4C4867D28DFA1640075574D /* Transactions.swift */ = {isa = PBXFileReference; lastKnownFileType = sourcecode.swift; path = Transactions.swift; sourceTree = "<group>"; };
/* End PBXFileReference section */

/* Begin PBXFrameworksBuildPhase section */
		A43582B328D4A3FE000B2C20 /* Frameworks */ = {
			isa = PBXFrameworksBuildPhase;
			buildActionMask = 2147483647;
			files = (
			);
			runOnlyForDeploymentPostprocessing = 0;
		};
/* End PBXFrameworksBuildPhase section */

/* Begin PBXGroup section */
		A43582AD28D4A3FE000B2C20 = {
			isa = PBXGroup;
			children = (
				A43582B828D4A3FE000B2C20 /* Financy */,
				A43582B728D4A3FE000B2C20 /* Products */,
			);
			sourceTree = "<group>";
		};
		A43582B728D4A3FE000B2C20 /* Products */ = {
			isa = PBXGroup;
			children = (
				A43582B628D4A3FE000B2C20 /* Financy.app */,
			);
			name = Products;
			sourceTree = "<group>";
		};
		A43582B828D4A3FE000B2C20 /* Financy */ = {
			isa = PBXGroup;
			children = (
				A43582B928D4A3FE000B2C20 /* FinancyApp.swift */,
				A43582BB28D4A3FE000B2C20 /* ContentView.swift */,
				A43582C728DB160F000B2C20 /* Views */,
				A43582CA28DB1A31000B2C20 /* Model */,
				A43582BD28D4A400000B2C20 /* Assets.xcassets */,
				A43582BF28D4A400000B2C20 /* Preview Content */,
			);
			path = Financy;
			sourceTree = "<group>";
		};
		A43582BF28D4A400000B2C20 /* Preview Content */ = {
			isa = PBXGroup;
			children = (
				A43582C028D4A400000B2C20 /* Preview Assets.xcassets */,
			);
			path = "Preview Content";
			sourceTree = "<group>";
		};
		A43582C728DB160F000B2C20 /* Views */ = {
			isa = PBXGroup;
			children = (
				A43582C828DB1648000B2C20 /* EarningsCardView.swift */,
				A43582CF28DC5FFF000B2C20 /* SavingsCardView.swift */,
				A49F7E2428E1C15B0089957E /* TransactionsCardView.swift */,
			);
			path = Views;
			sourceTree = "<group>";
		};
		A43582CA28DB1A31000B2C20 /* Model */ = {
			isa = PBXGroup;
			children = (
				A43582CB28DB1A47000B2C20 /* Earnings.swift */,
				A43582CD28DC5E86000B2C20 /* Savings.swift */,
				A4C4867D28DFA1640075574D /* Transactions.swift */,
			);
			path = Model;
			sourceTree = "<group>";
		};
/* End PBXGroup section */

/* Begin PBXNativeTarget section */
		A43582B528D4A3FE000B2C20 /* Financy */ = {
			isa = PBXNativeTarget;
			buildConfigurationList = A43582C428D4A400000B2C20 /* Build configuration list for PBXNativeTarget "Financy" */;
			buildPhases = (
				A43582B228D4A3FE000B2C20 /* Sources */,
				A43582B328D4A3FE000B2C20 /* Frameworks */,
				A43582B428D4A3FE000B2C20 /* Resources */,
			);
			buildRules = (
			);
			dependencies = (
			);
			name = Financy;
			productName = Financy;
			productReference = A43582B628D4A3FE000B2C20 /* Financy.app */;
			productType = "com.apple.product-type.application";
		};
/* End PBXNativeTarget section */

/* Begin PBXProject section */
		A43582AE28D4A3FE000B2C20 /* Project object */ = {
			isa = PBXProject;
			attributes = {
				BuildIndependentTargetsInParallel = 1;
				LastSwiftUpdateCheck = 1340;
				LastUpgradeCheck = 1340;
				TargetAttributes = {
					A43582B528D4A3FE000B2C20 = {
						CreatedOnToolsVersion = 13.4.1;
					};
				};
			};
			buildConfigurationList = A43582B128D4A3FE000B2C20 /* Build configuration list for PBXProject "Financy" */;
			compatibilityVersion = "Xcode 13.0";
			developmentRegion = en;
			hasScannedForEncodings = 0;
			knownRegions = (
				en,
				Base,
			);
			mainGroup = A43582AD28D4A3FE000B2C20;
			productRefGroup = A43582B728D4A3FE000B2C20 /* Products */;
			projectDirPath = "";
			projectRoot = "";
			targets = (
				A43582B528D4A3FE000B2C20 /* Financy */,
			);
		};
/* End PBXProject section */

/* Begin PBXResourcesBuildPhase section */
		A43582B428D4A3FE000B2C20 /* Resources */ = {
			isa = PBXResourcesBuildPhase;
			buildActionMask = 2147483647;
			files = (
				A43582C128D4A400000B2C20 /* Preview Assets.xcassets in Resources */,
				A43582BE28D4A400000B2C20 /* Assets.xcassets in Resources */,
			);
			runOnlyForDeploymentPostprocessing = 0;
		};
/* End PBXResourcesBuildPhase section */

/* Begin PBXSourcesBuildPhase section */
		A43582B228D4A3FE000B2C20 /* Sources */ = {
			isa = PBXSourcesBuildPhase;
			buildActionMask = 2147483647;
			files = (
				A43582D028DC5FFF000B2C20 /* SavingsCardView.swift in Sources */,
				A43582CC28DB1A47000B2C20 /* Earnings.swift in Sources */,
				A4C4867E28DFA1640075574D /* Transactions.swift in Sources */,
				A49F7E2528E1C15B0089957E /* TransactionsCardView.swift in Sources */,
				A43582BC28D4A3FE000B2C20 /* ContentView.swift in Sources */,
				A43582C928DB1648000B2C20 /* EarningsCardView.swift in Sources */,
				A43582CE28DC5E86000B2C20 /* Savings.swift in Sources */,
				A43582BA28D4A3FE000B2C20 /* FinancyApp.swift in Sources */,
			);
			runOnlyForDeploymentPostprocessing = 0;
		};
/* End PBXSourcesBuildPhase section */

/* Begin XCBuildConfiguration section */
		A43582C228D4A400000B2C20 /* Debug */ = {
			isa = XCBuildConfiguration;
			buildSettings = {
				ALWAYS_SEARCH_USER_PATHS = NO;
				CLANG_ANALYZER_NONNULL = YES;
				CLANG_ANALYZER_NUMBER_OBJECT_CONVERSION = YES_AGGRESSIVE;
				CLANG_CXX_LANGUAGE_STANDARD = "gnu++17";
				CLANG_ENABLE_MODULES = YES;
				CLANG_ENABLE_OBJC_ARC = YES;
				CLANG_ENABLE_OBJC_WEAK = YES;
				CLANG_WARN_BLOCK_CAPTURE_AUTORELEASING = YES;
				CLANG_WARN_BOOL_CONVERSION = YES;
				CLANG_WARN_COMMA = YES;
				CLANG_WARN_CONSTANT_CONVERSION = YES;
				CLANG_WARN_DEPRECATED_OBJC_IMPLEMENTATIONS = YES;
				CLANG_WARN_DIRECT_OBJC_ISA_USAGE = YES_ERROR;
				CLANG_WARN_DOCUMENTATION_COMMENTS = YES;
				CLANG_WARN_EMPTY_BODY = YES;
				CLANG_WARN_ENUM_CONVERSION = YES;
				CLANG_WARN_INFINITE_RECURSION = YES;
				CLANG_WARN_INT_CONVERSION = YES;
				CLANG_WARN_NON_LITERAL_NULL_CONVERSION = YES;
				CLANG_WARN_OBJC_IMPLICIT_RETAIN_SELF = YES;
				CLANG_WARN_OBJC_LITERAL_CONVERSION = YES;
				CLANG_WARN_OBJC_ROOT_CLASS = YES_ERROR;
				CLANG_WARN_QUOTED_INCLUDE_IN_FRAMEWORK_HEADER = YES;
				CLANG_WARN_RANGE_LOOP_ANALYSIS = YES;
				CLANG_WARN_STRICT_PROTOTYPES = YES;
				CLANG_WARN_SUSPICIOUS_MOVE = YES;
				CLANG_WARN_UNGUARDED_AVAILABILITY = YES_AGGRESSIVE;
				CLANG_WARN_UNREACHABLE_CODE = YES;
				CLANG_WARN__DUPLICATE_METHOD_MATCH = YES;
				COPY_PHASE_STRIP = NO;
				DEBUG_INFORMATION_FORMAT = dwarf;
				ENABLE_STRICT_OBJC_MSGSEND = YES;
				ENABLE_TESTABILITY = YES;
				GCC_C_LANGUAGE_STANDARD = gnu11;
				GCC_DYNAMIC_NO_PIC = NO;
				GCC_NO_COMMON_BLOCKS = YES;
				GCC_OPTIMIZATION_LEVEL = 0;
				GCC_PREPROCESSOR_DEFINITIONS = (
					"DEBUG=1",
					"$(inherited)",
				);
				GCC_WARN_64_TO_32_BIT_CONVERSION = YES;
				GCC_WARN_ABOUT_RETURN_TYPE = YES_ERROR;
				GCC_WARN_UNDECLARED_SELECTOR = YES;
				GCC_WARN_UNINITIALIZED_AUTOS = YES_AGGRESSIVE;
				GCC_WARN_UNUSED_FUNCTION = YES;
				GCC_WARN_UNUSED_VARIABLE = YES;
				IPHONEOS_DEPLOYMENT_TARGET = 15.5;
				MTL_ENABLE_DEBUG_INFO = INCLUDE_SOURCE;
				MTL_FAST_MATH = YES;
				ONLY_ACTIVE_ARCH = YES;
				SDKROOT = iphoneos;
				SWIFT_ACTIVE_COMPILATION_CONDITIONS = DEBUG;
				SWIFT_OPTIMIZATION_LEVEL = "-Onone";
			};
			name = Debug;
		};
		A43582C328D4A400000B2C20 /* Release */ = {
			isa = XCBuildConfiguration;
			buildSettings = {
				ALWAYS_SEARCH_USER_PATHS = NO;
				CLANG_ANALYZER_NONNULL = YES;
				CLANG_ANALYZER_NUMBER_OBJECT_CONVERSION = YES_AGGRESSIVE;
				CLANG_CXX_LANGUAGE_STANDARD = "gnu++17";
				CLANG_ENABLE_MODULES = YES;
				CLANG_ENABLE_OBJC_ARC = YES;
				CLANG_ENABLE_OBJC_WEAK = YES;
				CLANG_WARN_BLOCK_CAPTURE_AUTORELEASING = YES;
				CLANG_WARN_BOOL_CONVERSION = YES;
				CLANG_WARN_COMMA = YES;
				CLANG_WARN_CONSTANT_CONVERSION = YES;
				CLANG_WARN_DEPRECATED_OBJC_IMPLEMENTATIONS = YES;
				CLANG_WARN_DIRECT_OBJC_ISA_USAGE = YES_ERROR;
				CLANG_WARN_DOCUMENTATION_COMMENTS = YES;
				CLANG_WARN_EMPTY_BODY = YES;
				CLANG_WARN_ENUM_CONVERSION = YES;
				CLANG_WARN_INFINITE_RECURSION = YES;
				CLANG_WARN_INT_CONVERSION = YES;
				CLANG_WARN_NON_LITERAL_NULL_CONVERSION = YES;
				CLANG_WARN_OBJC_IMPLICIT_RETAIN_SELF = YES;
				CLANG_WARN_OBJC_LITERAL_CONVERSION = YES;
				CLANG_WARN_OBJC_ROOT_CLASS = YES_ERROR;
				CLANG_WARN_QUOTED_INCLUDE_IN_FRAMEWORK_HEADER = YES;
				CLANG_WARN_RANGE_LOOP_ANALYSIS = YES;
				CLANG_WARN_STRICT_PROTOTYPES = YES;
				CLANG_WARN_SUSPICIOUS_MOVE = YES;
				CLANG_WARN_UNGUARDED_AVAILABILITY = YES_AGGRESSIVE;
				CLANG_WARN_UNREACHABLE_CODE = YES;
				CLANG_WARN__DUPLICATE_METHOD_MATCH = YES;
				COPY_PHASE_STRIP = NO;
				DEBUG_INFORMATION_FORMAT = "dwarf-with-dsym";
				ENABLE_NS_ASSERTIONS = NO;
				ENABLE_STRICT_OBJC_MSGSEND = YES;
				GCC_C_LANGUAGE_STANDARD = gnu11;
				GCC_NO_COMMON_BLOCKS = YES;
				GCC_WARN_64_TO_32_BIT_CONVERSION = YES;
				GCC_WARN_ABOUT_RETURN_TYPE = YES_ERROR;
				GCC_WARN_UNDECLARED_SELECTOR = YES;
				GCC_WARN_UNINITIALIZED_AUTOS = YES_AGGRESSIVE;
				GCC_WARN_UNUSED_FUNCTION = YES;
				GCC_WARN_UNUSED_VARIABLE = YES;
				IPHONEOS_DEPLOYMENT_TARGET = 15.5;
				MTL_ENABLE_DEBUG_INFO = NO;
				MTL_FAST_MATH = YES;
				SDKROOT = iphoneos;
				SWIFT_COMPILATION_MODE = wholemodule;
				SWIFT_OPTIMIZATION_LEVEL = "-O";
				VALIDATE_PRODUCT = YES;
			};
			name = Release;
		};
		A43582C528D4A400000B2C20 /* Debug */ = {
			isa = XCBuildConfiguration;
			buildSettings = {
				ASSETCATALOG_COMPILER_APPICON_NAME = AppIcon;
				ASSETCATALOG_COMPILER_GLOBAL_ACCENT_COLOR_NAME = AccentColor;
				CODE_SIGN_STYLE = Automatic;
				CURRENT_PROJECT_VERSION = 1;
				DEVELOPMENT_ASSET_PATHS = "\"Financy/Preview Content\"";
				DEVELOPMENT_TEAM = X48NG7L22Q;
				ENABLE_PREVIEWS = YES;
				GENERATE_INFOPLIST_FILE = YES;
				INFOPLIST_KEY_UIApplicationSceneManifest_Generation = YES;
				INFOPLIST_KEY_UIApplicationSupportsIndirectInputEvents = YES;
				INFOPLIST_KEY_UILaunchScreen_Generation = YES;
				INFOPLIST_KEY_UISupportedInterfaceOrientations_iPad = "UIInterfaceOrientationPortrait UIInterfaceOrientationPortraitUpsideDown UIInterfaceOrientationLandscapeLeft UIInterfaceOrientationLandscapeRight";
				INFOPLIST_KEY_UISupportedInterfaceOrientations_iPhone = "UIInterfaceOrientationPortrait UIInterfaceOrientationLandscapeLeft UIInterfaceOrientationLandscapeRight";
				IPHONEOS_DEPLOYMENT_TARGET = 15.5;
				LD_RUNPATH_SEARCH_PATHS = (
					"$(inherited)",
					"@executable_path/Frameworks",
				);
				MARKETING_VERSION = 1.0;
				PRODUCT_BUNDLE_IDENTIFIER = deneme.Financy;
				PRODUCT_NAME = "$(TARGET_NAME)";
				SWIFT_EMIT_LOC_STRINGS = YES;
				SWIFT_VERSION = 5.0;
				TARGETED_DEVICE_FAMILY = "1,2";
			};
			name = Debug;
		};
		A43582C628D4A400000B2C20 /* Release */ = {
			isa = XCBuildConfiguration;
			buildSettings = {
				ASSETCATALOG_COMPILER_APPICON_NAME = AppIcon;
				ASSETCATALOG_COMPILER_GLOBAL_ACCENT_COLOR_NAME = AccentColor;
				CODE_SIGN_STYLE = Automatic;
				CURRENT_PROJECT_VERSION = 1;
				DEVELOPMENT_ASSET_PATHS = "\"Financy/Preview Content\"";
				DEVELOPMENT_TEAM = X48NG7L22Q;
				ENABLE_PREVIEWS = YES;
				GENERATE_INFOPLIST_FILE = YES;
				INFOPLIST_KEY_UIApplicationSceneManifest_Generation = YES;
				INFOPLIST_KEY_UIApplicationSupportsIndirectInputEvents = YES;
				INFOPLIST_KEY_UILaunchScreen_Generation = YES;
				INFOPLIST_KEY_UISupportedInterfaceOrientations_iPad = "UIInterfaceOrientationPortrait UIInterfaceOrientationPortraitUpsideDown UIInterfaceOrientationLandscapeLeft UIInterfaceOrientationLandscapeRight";
				INFOPLIST_KEY_UISupportedInterfaceOrientations_iPhone = "UIInterfaceOrientationPortrait UIInterfaceOrientationLandscapeLeft UIInterfaceOrientationLandscapeRight";
				IPHONEOS_DEPLOYMENT_TARGET = 15.5;
				LD_RUNPATH_SEARCH_PATHS = (
					"$(inherited)",
					"@executable_path/Frameworks",
				);
				MARKETING_VERSION = 1.0;
				PRODUCT_BUNDLE_IDENTIFIER = deneme.Financy;
				PRODUCT_NAME = "$(TARGET_NAME)";
				SWIFT_EMIT_LOC_STRINGS = YES;
				SWIFT_VERSION = 5.0;
				TARGETED_DEVICE_FAMILY = "1,2";
			};
			name = Release;
		};
/* End XCBuildConfiguration section */

/* Begin XCConfigurationList section */
		A43582B128D4A3FE000B2C20 /* Build configuration list for PBXProject "Financy" */ = {
			isa = XCConfigurationList;
			buildConfigurations = (
				A43582C228D4A400000B2C20 /* Debug */,
				A43582C328D4A400000B2C20 /* Release */,
			);
			defaultConfigurationIsVisible = 0;
			defaultConfigurationName = Release;
		};
		A43582C428D4A400000B2C20 /* Build configuration list for PBXNativeTarget "Financy" */ = {
			isa = XCConfigurationList;
			buildConfigurations = (
				A43582C528D4A400000B2C20 /* Debug */,
				A43582C628D4A400000B2C20 /* Release */,
			);
			defaultConfigurationIsVisible = 0;
			defaultConfigurationName = Release;
		};
/* End XCConfigurationList section */
	};
	rootObject = A43582AE28D4A3FE000B2C20 /* Project object */;
}
